
Microsoft Visual Studio Solution File, Format Version 12.00
# Visual Studio Version 16
Project("{8BC9CEB8-8B4A-11D0-8D11-00A0C91BC942}") = "ALL_BUILD", "ALL_BUILD.vcxproj", "{5AEB27D6-B153-35CA-9EB2-A19E1EEF1DAB}"
	ProjectSection(ProjectDependencies) = postProject
		{78A46390-08DF-38FA-AC23-27F10D078482} = {78A46390-08DF-38FA-AC23-27F10D078482}
		{6EFF59C6-B823-3580-88C8-6663173D8F3F} = {6EFF59C6-B823-3580-88C8-6663173D8F3F}
	EndProjectSection
EndProject
Project("{8BC9CEB8-8B4A-11D0-8D11-00A0C91BC942}") = "INSTALL", "INSTALL.vcxproj", "{45E8D98F-4063-36CA-A645-B2093696C61F}"
	ProjectSection(ProjectDependencies) = postProject
		{5AEB27D6-B153-35CA-9EB2-A19E1EEF1DAB} = {5AEB27D6-B153-35CA-9EB2-A19E1EEF1DAB}
		{78A46390-08DF-38FA-AC23-27F10D078482} = {78A46390-08DF-38FA-AC23-27F10D078482}
	EndProjectSection
EndProject
Project("{8BC9CEB8-8B4A-11D0-8D11-00A0C91BC942}") = "PACKAGE", "PACKAGE.vcxproj", "{AFFBEA50-547D-3561-9B04-AB4559DEEF72}"
	ProjectSection(ProjectDependencies) = postProject
		{5AEB27D6-B153-35CA-9EB2-A19E1EEF1DAB} = {5AEB27D6-B153-35CA-9EB2-A19E1EEF1DAB}
		{78A46390-08DF-38FA-AC23-27F10D078482} = {78A46390-08DF-38FA-AC23-27F10D078482}
	EndProjectSection
EndProject
Project("{8BC9CEB8-8B4A-11D0-8D11-00A0C91BC942}") = "ZERO_CHECK", "..\\ZERO_CHECK.vcxproj", "{78A46390-08DF-38FA-AC23-27F10D078482}"
	ProjectSection(ProjectDependencies) = postProject
	EndProjectSection
EndProject
Project("{8BC9CEB8-8B4A-11D0-8D11-00A0C91BC942}") = "glfw", "src\glfw.vcxproj", "{6EFF59C6-B823-3580-88C8-6663173D8F3F}"
	ProjectSection(ProjectDependencies) = postProject
		{78A46390-08DF-38FA-AC23-27F10D078482} = {78A46390-08DF-38FA-AC23-27F10D078482}
	EndProjectSection
EndProject
Global
	GlobalSection(SolutionConfigurationPlatforms) = preSolution
		Debug|x64 = Debug|x64
		Release|x64 = Release|x64
		MinSizeRel|x64 = MinSizeRel|x64
		RelWithDebInfo|x64 = RelWithDebInfo|x64
	EndGlobalSection
	GlobalSection(ProjectConfigurationPlatforms) = postSolution
		{5AEB27D6-B153-35CA-9EB2-A19E1EEF1DAB}.Debug|x64.ActiveCfg = Debug|x64
		{5AEB27D6-B153-35CA-9EB2-A19E1EEF1DAB}.Debug|x64.Build.0 = Debug|x64
		{5AEB27D6-B153-35CA-9EB2-A19E1EEF1DAB}.Release|x64.ActiveCfg = Release|x64
		{5AEB27D6-B153-35CA-9EB2-A19E1EEF1DAB}.Release|x64.Build.0 = Release|x64
		{5AEB27D6-B153-35CA-9EB2-A19E1EEF1DAB}.MinSizeRel|x64.ActiveCfg = MinSizeRel|x64
		{5AEB27D6-B153-35CA-9EB2-A19E1EEF1DAB}.MinSizeRel|x64.Build.0 = MinSizeRel|x64
		{5AEB27D6-B153-35CA-9EB2-A19E1EEF1DAB}.RelWithDebInfo|x64.ActiveCfg = RelWithDebInfo|x64
		{5AEB27D6-B153-35CA-9EB2-A19E1EEF1DAB}.RelWithDebInfo|x64.Build.0 = RelWithDebInfo|x64
		{45E8D98F-4063-36CA-A645-B2093696C61F}.Debug|x64.ActiveCfg = Debug|x64
		{45E8D98F-4063-36CA-A645-B2093696C61F}.Release|x64.ActiveCfg = Release|x64
		{45E8D98F-4063-36CA-A645-B2093696C61F}.MinSizeRel|x64.ActiveCfg = MinSizeRel|x64
		{45E8D98F-4063-36CA-A645-B2093696C61F}.RelWithDebInfo|x64.ActiveCfg = RelWithDebInfo|x64
		{AFFBEA50-547D-3561-9B04-AB4559DEEF72}.Debug|x64.ActiveCfg = Debug|x64
		{AFFBEA50-547D-3561-9B04-AB4559DEEF72}.Release|x64.ActiveCfg = Release|x64
		{AFFBEA50-547D-3561-9B04-AB4559DEEF72}.MinSizeRel|x64.ActiveCfg = MinSizeRel|x64
		{AFFBEA50-547D-3561-9B04-AB4559DEEF72}.RelWithDebInfo|x64.ActiveCfg = RelWithDebInfo|x64
		{78A46390-08DF-38FA-AC23-27F10D078482}.Debug|x64.ActiveCfg = Debug|x64
		{78A46390-08DF-38FA-AC23-27F10D078482}.Debug|x64.Build.0 = Debug|x64
		{78A46390-08DF-38FA-AC23-27F10D078482}.Release|x64.ActiveCfg = Release|x64
		{78A46390-08DF-38FA-AC23-27F10D078482}.Release|x64.Build.0 = Release|x64
		{78A46390-08DF-38FA-AC23-27F10D078482}.MinSizeRel|x64.ActiveCfg = MinSizeRel|x64
		{78A46390-08DF-38FA-AC23-27F10D078482}.MinSizeRel|x64.Build.0 = MinSizeRel|x64
		{78A46390-08DF-38FA-AC23-27F10D078482}.RelWithDebInfo|x64.ActiveCfg = RelWithDebInfo|x64
		{78A46390-08DF-38FA-AC23-27F10D078482}.RelWithDebInfo|x64.Build.0 = RelWithDebInfo|x64
		{6EFF59C6-B823-3580-88C8-6663173D8F3F}.Debug|x64.ActiveCfg = Debug|x64
		{6EFF59C6-B823-3580-88C8-6663173D8F3F}.Debug|x64.Build.0 = Debug|x64
		{6EFF59C6-B823-3580-88C8-6663173D8F3F}.Release|x64.ActiveCfg = Release|x64
		{6EFF59C6-B823-3580-88C8-6663173D8F3F}.Release|x64.Build.0 = Release|x64
		{6EFF59C6-B823-3580-88C8-6663173D8F3F}.MinSizeRel|x64.ActiveCfg = MinSizeRel|x64
		{6EFF59C6-B823-3580-88C8-6663173D8F3F}.MinSizeRel|x64.Build.0 = MinSizeRel|x64
		{6EFF59C6-B823-3580-88C8-6663173D8F3F}.RelWithDebInfo|x64.ActiveCfg = RelWithDebInfo|x64
		{6EFF59C6-B823-3580-88C8-6663173D8F3F}.RelWithDebInfo|x64.Build.0 = RelWithDebInfo|x64
	EndGlobalSection
	GlobalSection(ExtensibilityGlobals) = postSolution
		SolutionGuid = {C229B523-8DCD-39B8-8C86-57992B25D887}
	EndGlobalSection
	GlobalSection(ExtensibilityAddIns) = postSolution
	EndGlobalSection
EndGlobal
