<?xml version="1.0" encoding="utf-8"?>
<Project ToolsVersion="16.0" xmlns="http://schemas.microsoft.com/developer/msbuild/2003">
  <ItemGroup>
    <ClCompile Include="C:\Users\alpha\source\repos\Test_Visual_Studio\Assignment4\Assignment4\glfw\src\context.c">
      <Filter>Source Files</Filter>
    </ClCompile>
    <ClCompile Include="C:\Users\alpha\source\repos\Test_Visual_Studio\Assignment4\Assignment4\glfw\src\init.c">
      <Filter>Source Files</Filter>
    </ClCompile>
    <ClCompile Include="C:\Users\alpha\source\repos\Test_Visual_Studio\Assignment4\Assignment4\glfw\src\input.c">
      <Filter>Source Files</Filter>
    </ClCompile>
    <ClCompile Include="C:\Users\alpha\source\repos\Test_Visual_Studio\Assignment4\Assignment4\glfw\src\monitor.c">
      <Filter>Source Files</Filter>
    </ClCompile>
    <ClCompile Include="C:\Users\alpha\source\repos\Test_Visual_Studio\Assignment4\Assignment4\glfw\src\window.c">
      <Filter>Source Files</Filter>
    </ClCompile>
    <ClCompile Include="C:\Users\alpha\source\repos\Test_Visual_Studio\Assignment4\Assignment4\glfw\src\win32_init.c">
      <Filter>Source Files</Filter>
    </ClCompile>
    <ClCompile Include="C:\Users\alpha\source\repos\Test_Visual_Studio\Assignment4\Assignment4\glfw\src\win32_monitor.c">
      <Filter>Source Files</Filter>
    </ClCompile>
    <ClCompile Include="C:\Users\alpha\source\repos\Test_Visual_Studio\Assignment4\Assignment4\glfw\src\win32_time.c">
      <Filter>Source Files</Filter>
    </ClCompile>
    <ClCompile Include="C:\Users\alpha\source\repos\Test_Visual_Studio\Assignment4\Assignment4\glfw\src\win32_tls.c">
      <Filter>Source Files</Filter>
    </ClCompile>
    <ClCompile Include="C:\Users\alpha\source\repos\Test_Visual_Studio\Assignment4\Assignment4\glfw\src\win32_window.c">
      <Filter>Source Files</Filter>
    </ClCompile>
    <ClCompile Include="C:\Users\alpha\source\repos\Test_Visual_Studio\Assignment4\Assignment4\glfw\src\winmm_joystick.c">
      <Filter>Source Files</Filter>
    </ClCompile>
    <ClCompile Include="C:\Users\alpha\source\repos\Test_Visual_Studio\Assignment4\Assignment4\glfw\src\wgl_context.c">
      <Filter>Source Files</Filter>
    </ClCompile>
  </ItemGroup>
  <ItemGroup>
    <ClInclude Include="C:\Users\alpha\source\repos\Test_Visual_Studio\Assignment4\Assignment4.build\glfw\src\glfw_config.h">
      <Filter>Header Files</Filter>
    </ClInclude>
    <ClInclude Include="C:\Users\alpha\source\repos\Test_Visual_Studio\Assignment4\Assignment4\glfw\src\internal.h">
      <Filter>Header Files</Filter>
    </ClInclude>
    <ClInclude Include="C:\Users\alpha\source\repos\Test_Visual_Studio\Assignment4\Assignment4\glfw\include\GLFW\glfw3.h">
      <Filter>Header Files</Filter>
    </ClInclude>
    <ClInclude Include="C:\Users\alpha\source\repos\Test_Visual_Studio\Assignment4\Assignment4\glfw\include\GLFW\glfw3native.h">
      <Filter>Header Files</Filter>
    </ClInclude>
    <ClInclude Include="C:\Users\alpha\source\repos\Test_Visual_Studio\Assignment4\Assignment4\glfw\src\win32_platform.h">
      <Filter>Header Files</Filter>
    </ClInclude>
    <ClInclude Include="C:\Users\alpha\source\repos\Test_Visual_Studio\Assignment4\Assignment4\glfw\src\win32_tls.h">
      <Filter>Header Files</Filter>
    </ClInclude>
    <ClInclude Include="C:\Users\alpha\source\repos\Test_Visual_Studio\Assignment4\Assignment4\glfw\src\winmm_joystick.h">
      <Filter>Header Files</Filter>
    </ClInclude>
    <ClInclude Include="C:\Users\alpha\source\repos\Test_Visual_Studio\Assignment4\Assignment4\glfw\src\wgl_context.h">
      <Filter>Header Files</Filter>
    </ClInclude>
  </ItemGroup>
  <ItemGroup>
    <CustomBuild Include="C:\Users\alpha\source\repos\Test_Visual_Studio\Assignment4\Assignment4\glfw\src\CMakeLists.txt" />
  </ItemGroup>
  <ItemGroup>
    <Filter Include="Header Files">
      <UniqueIdentifier>{3A195CD5-867E-346F-B081-7FD5269A6AF3}</UniqueIdentifier>
    </Filter>
    <Filter Include="Source Files">
      <UniqueIdentifier>{4111B4FA-8709-3E74-B8FD-CDFD30E9EF59}</UniqueIdentifier>
    </Filter>
  </ItemGroup>
</Project>
